// !$*UTF8*$!
{
	archiveVersion = 1;
	classes = {
	};
	objectVersion = 50;
	objects = {

/* Begin PBXBuildFile section */
		8477C4F223DA285500E1D43D /* AppDelegate.swift in Sources */ = {isa = PBXBuildFile; fileRef = 8477C4F123DA285500E1D43D /* AppDelegate.swift */; };
		8477C4F423DA285500E1D43D /* SceneDelegate.swift in Sources */ = {isa = PBXBuildFile; fileRef = 8477C4F323DA285500E1D43D /* SceneDelegate.swift */; };
		8477C4F723DA285500E1D43D /* SwiftUI_sample.xcdatamodeld in Sources */ = {isa = PBXBuildFile; fileRef = 8477C4F523DA285500E1D43D /* SwiftUI_sample.xcdatamodeld */; };
		8477C4F923DA285500E1D43D /* ContentView.swift in Sources */ = {isa = PBXBuildFile; fileRef = 8477C4F823DA285500E1D43D /* ContentView.swift */; };
		8477C4FB23DA285600E1D43D /* Assets.xcassets in Resources */ = {isa = PBXBuildFile; fileRef = 8477C4FA23DA285600E1D43D /* Assets.xcassets */; };
		8477C4FE23DA285600E1D43D /* Preview Assets.xcassets in Resources */ = {isa = PBXBuildFile; fileRef = 8477C4FD23DA285600E1D43D /* Preview Assets.xcassets */; };
		8477C50123DA285600E1D43D /* LaunchScreen.storyboard in Resources */ = {isa = PBXBuildFile; fileRef = 8477C4FF23DA285600E1D43D /* LaunchScreen.storyboard */; };
		8477C50C23DA285600E1D43D /* SwiftUI_sampleTests.swift in Sources */ = {isa = PBXBuildFile; fileRef = 8477C50B23DA285600E1D43D /* SwiftUI_sampleTests.swift */; };
		8477C51723DA285600E1D43D /* SwiftUI_sampleUITests.swift in Sources */ = {isa = PBXBuildFile; fileRef = 8477C51623DA285600E1D43D /* SwiftUI_sampleUITests.swift */; };
		8477C52723DA9E2100E1D43D /* CircleImage.swift in Sources */ = {isa = PBXBuildFile; fileRef = 8477C52623DA9E2100E1D43D /* CircleImage.swift */; };
		8477C52923DA9EBB00E1D43D /* MapView.swift in Sources */ = {isa = PBXBuildFile; fileRef = 8477C52823DA9EBB00E1D43D /* MapView.swift */; };
/* End PBXBuildFile section */

/* Begin PBXContainerItemProxy section */
		8477C50823DA285600E1D43D /* PBXContainerItemProxy */ = {
			isa = PBXContainerItemProxy;
			containerPortal = 8477C4E623DA285500E1D43D /* Project object */;
			proxyType = 1;
			remoteGlobalIDString = 8477C4ED23DA285500E1D43D;
			remoteInfo = SwiftUI_sample;
		};
		8477C51323DA285600E1D43D /* PBXContainerItemProxy */ = {
			isa = PBXContainerItemProxy;
			containerPortal = 8477C4E623DA285500E1D43D /* Project object */;
			proxyType = 1;
			remoteGlobalIDString = 8477C4ED23DA285500E1D43D;
			remoteInfo = SwiftUI_sample;
		};
/* End PBXContainerItemProxy section */

/* Begin PBXFileReference section */
		8477C4EE23DA285500E1D43D /* SwiftUI_sample.app */ = {isa = PBXFileReference; explicitFileType = wrapper.application; includeInIndex = 0; path = SwiftUI_sample.app; sourceTree = BUILT_PRODUCTS_DIR; };
		8477C4F123DA285500E1D43D /* AppDelegate.swift */ = {isa = PBXFileReference; lastKnownFileType = sourcecode.swift; path = AppDelegate.swift; sourceTree = "<group>"; };
		8477C4F323DA285500E1D43D /* SceneDelegate.swift */ = {isa = PBXFileReference; lastKnownFileType = sourcecode.swift; path = SceneDelegate.swift; sourceTree = "<group>"; };
		8477C4F623DA285500E1D43D /* SwiftUI_sample.xcdatamodel */ = {isa = PBXFileReference; lastKnownFileType = wrapper.xcdatamodel; path = SwiftUI_sample.xcdatamodel; sourceTree = "<group>"; };
		8477C4F823DA285500E1D43D /* ContentView.swift */ = {isa = PBXFileReference; lastKnownFileType = sourcecode.swift; path = ContentView.swift; sourceTree = "<group>"; };
		8477C4FA23DA285600E1D43D /* Assets.xcassets */ = {isa = PBXFileReference; lastKnownFileType = folder.assetcatalog; path = Assets.xcassets; sourceTree = "<group>"; };
		8477C4FD23DA285600E1D43D /* Preview Assets.xcassets */ = {isa = PBXFileReference; lastKnownFileType = folder.assetcatalog; path = "Preview Assets.xcassets"; sourceTree = "<group>"; };
		8477C50023DA285600E1D43D /* Base */ = {isa = PBXFileReference; lastKnownFileType = file.storyboard; name = Base; path = Base.lproj/LaunchScreen.storyboard; sourceTree = "<group>"; };
		8477C50223DA285600E1D43D /* Info.plist */ = {isa = PBXFileReference; lastKnownFileType = text.plist.xml; path = Info.plist; sourceTree = "<group>"; };
		8477C50723DA285600E1D43D /* SwiftUI_sampleTests.xctest */ = {isa = PBXFileReference; explicitFileType = wrapper.cfbundle; includeInIndex = 0; path = SwiftUI_sampleTests.xctest; sourceTree = BUILT_PRODUCTS_DIR; };
		8477C50B23DA285600E1D43D /* SwiftUI_sampleTests.swift */ = {isa = PBXFileReference; lastKnownFileType = sourcecode.swift; path = SwiftUI_sampleTests.swift; sourceTree = "<group>"; };
		8477C50D23DA285600E1D43D /* Info.plist */ = {isa = PBXFileReference; lastKnownFileType = text.plist.xml; path = Info.plist; sourceTree = "<group>"; };
		8477C51223DA285600E1D43D /* SwiftUI_sampleUITests.xctest */ = {isa = PBXFileReference; explicitFileType = wrapper.cfbundle; includeInIndex = 0; path = SwiftUI_sampleUITests.xctest; sourceTree = BUILT_PRODUCTS_DIR; };
		8477C51623DA285600E1D43D /* SwiftUI_sampleUITests.swift */ = {isa = PBXFileReference; lastKnownFileType = sourcecode.swift; path = SwiftUI_sampleUITests.swift; sourceTree = "<group>"; };
		8477C51823DA285600E1D43D /* Info.plist */ = {isa = PBXFileReference; lastKnownFileType = text.plist.xml; path = Info.plist; sourceTree = "<group>"; };
		8477C52623DA9E2100E1D43D /* CircleImage.swift */ = {isa = PBXFileReference; lastKnownFileType = sourcecode.swift; path = CircleImage.swift; sourceTree = "<group>"; };
		8477C52823DA9EBB00E1D43D /* MapView.swift */ = {isa = PBXFileReference; lastKnownFileType = sourcecode.swift; path = MapView.swift; sourceTree = "<group>"; };
/* End PBXFileReference section */

/* Begin PBXFrameworksBuildPhase section */
		8477C4EB23DA285500E1D43D /* Frameworks */ = {
			isa = PBXFrameworksBuildPhase;
			buildActionMask = 2147483647;
			files = (
			);
			runOnlyForDeploymentPostprocessing = 0;
		};
		8477C50423DA285600E1D43D /* Frameworks */ = {
			isa = PBXFrameworksBuildPhase;
			buildActionMask = 2147483647;
			files = (
			);
			runOnlyForDeploymentPostprocessing = 0;
		};
		8477C50F23DA285600E1D43D /* Frameworks */ = {
			isa = PBXFrameworksBuildPhase;
			buildActionMask = 2147483647;
			files = (
			);
			runOnlyForDeploymentPostprocessing = 0;
		};
/* End PBXFrameworksBuildPhase section */

/* Begin PBXGroup section */
		8477C4E523DA285500E1D43D = {
			isa = PBXGroup;
			children = (
				8477C4F023DA285500E1D43D /* SwiftUI_sample */,
				8477C50A23DA285600E1D43D /* SwiftUI_sampleTests */,
				8477C51523DA285600E1D43D /* SwiftUI_sampleUITests */,
				8477C4EF23DA285500E1D43D /* Products */,
			);
			sourceTree = "<group>";
		};
		8477C4EF23DA285500E1D43D /* Products */ = {
			isa = PBXGroup;
			children = (
				8477C4EE23DA285500E1D43D /* SwiftUI_sample.app */,
				8477C50723DA285600E1D43D /* SwiftUI_sampleTests.xctest */,
				8477C51223DA285600E1D43D /* SwiftUI_sampleUITests.xctest */,
			);
			name = Products;
			sourceTree = "<group>";
		};
		8477C4F023DA285500E1D43D /* SwiftUI_sample */ = {
			isa = PBXGroup;
			children = (
				8477C4F123DA285500E1D43D /* AppDelegate.swift */,
				8477C4F323DA285500E1D43D /* SceneDelegate.swift */,
				8477C4F823DA285500E1D43D /* ContentView.swift */,
				8477C52623DA9E2100E1D43D /* CircleImage.swift */,
				8477C52823DA9EBB00E1D43D /* MapView.swift */,
				8477C4FA23DA285600E1D43D /* Assets.xcassets */,
				8477C4FF23DA285600E1D43D /* LaunchScreen.storyboard */,
				8477C50223DA285600E1D43D /* Info.plist */,
				8477C4F523DA285500E1D43D /* SwiftUI_sample.xcdatamodeld */,
				8477C4FC23DA285600E1D43D /* Preview Content */,
			);
			path = SwiftUI_sample;
			sourceTree = "<group>";
		};
		8477C4FC23DA285600E1D43D /* Preview Content */ = {
			isa = PBXGroup;
			children = (
				8477C4FD23DA285600E1D43D /* Preview Assets.xcassets */,
			);
			path = "Preview Content";
			sourceTree = "<group>";
		};
		8477C50A23DA285600E1D43D /* SwiftUI_sampleTests */ = {
			isa = PBXGroup;
			children = (
				8477C50B23DA285600E1D43D /* SwiftUI_sampleTests.swift */,
				8477C50D23DA285600E1D43D /* Info.plist */,
			);
			path = SwiftUI_sampleTests;
			sourceTree = "<group>";
		};
		8477C51523DA285600E1D43D /* SwiftUI_sampleUITests */ = {
			isa = PBXGroup;
			children = (
				8477C51623DA285600E1D43D /* SwiftUI_sampleUITests.swift */,
				8477C51823DA285600E1D43D /* Info.plist */,
			);
			path = SwiftUI_sampleUITests;
			sourceTree = "<group>";
		};
/* End PBXGroup section */

/* Begin PBXNativeTarget section */
		8477C4ED23DA285500E1D43D /* SwiftUI_sample */ = {
			isa = PBXNativeTarget;
			buildConfigurationList = 8477C51B23DA285600E1D43D /* Build configuration list for PBXNativeTarget "SwiftUI_sample" */;
			buildPhases = (
				8477C4EA23DA285500E1D43D /* Sources */,
				8477C4EB23DA285500E1D43D /* Frameworks */,
				8477C4EC23DA285500E1D43D /* Resources */,
			);
			buildRules = (
			);
			dependencies = (
			);
			name = SwiftUI_sample;
			productName = SwiftUI_sample;
			productReference = 8477C4EE23DA285500E1D43D /* SwiftUI_sample.app */;
			productType = "com.apple.product-type.application";
		};
		8477C50623DA285600E1D43D /* SwiftUI_sampleTests */ = {
			isa = PBXNativeTarget;
			buildConfigurationList = 8477C51E23DA285600E1D43D /* Build configuration list for PBXNativeTarget "SwiftUI_sampleTests" */;
			buildPhases = (
				8477C50323DA285600E1D43D /* Sources */,
				8477C50423DA285600E1D43D /* Frameworks */,
				8477C50523DA285600E1D43D /* Resources */,
			);
			buildRules = (
			);
			dependencies = (
				8477C50923DA285600E1D43D /* PBXTargetDependency */,
			);
			name = SwiftUI_sampleTests;
			productName = SwiftUI_sampleTests;
			productReference = 8477C50723DA285600E1D43D /* SwiftUI_sampleTests.xctest */;
			productType = "com.apple.product-type.bundle.unit-test";
		};
		8477C51123DA285600E1D43D /* SwiftUI_sampleUITests */ = {
			isa = PBXNativeTarget;
			buildConfigurationList = 8477C52123DA285600E1D43D /* Build configuration list for PBXNativeTarget "SwiftUI_sampleUITests" */;
			buildPhases = (
				8477C50E23DA285600E1D43D /* Sources */,
				8477C50F23DA285600E1D43D /* Frameworks */,
				8477C51023DA285600E1D43D /* Resources */,
			);
			buildRules = (
			);
			dependencies = (
				8477C51423DA285600E1D43D /* PBXTargetDependency */,
			);
			name = SwiftUI_sampleUITests;
			productName = SwiftUI_sampleUITests;
			productReference = 8477C51223DA285600E1D43D /* SwiftUI_sampleUITests.xctest */;
			productType = "com.apple.product-type.bundle.ui-testing";
		};
/* End PBXNativeTarget section */

/* Begin PBXProject section */
		8477C4E623DA285500E1D43D /* Project object */ = {
			isa = PBXProject;
			attributes = {
				LastSwiftUpdateCheck = 1130;
				LastUpgradeCheck = 1130;
				ORGANIZATIONNAME = SwiftLab;
				TargetAttributes = {
					8477C4ED23DA285500E1D43D = {
						CreatedOnToolsVersion = 11.3;
					};
					8477C50623DA285600E1D43D = {
						CreatedOnToolsVersion = 11.3;
						TestTargetID = 8477C4ED23DA285500E1D43D;
					};
					8477C51123DA285600E1D43D = {
						CreatedOnToolsVersion = 11.3;
						TestTargetID = 8477C4ED23DA285500E1D43D;
					};
				};
			};
			buildConfigurationList = 8477C4E923DA285500E1D43D /* Build configuration list for PBXProject "SwiftUI_sample" */;
			compatibilityVersion = "Xcode 9.3";
			developmentRegion = en;
			hasScannedForEncodings = 0;
			knownRegions = (
				en,
				Base,
			);
			mainGroup = 8477C4E523DA285500E1D43D;
			productRefGroup = 8477C4EF23DA285500E1D43D /* Products */;
			projectDirPath = "";
			projectRoot = "";
			targets = (
				8477C4ED23DA285500E1D43D /* SwiftUI_sample */,
				8477C50623DA285600E1D43D /* SwiftUI_sampleTests */,
				8477C51123DA285600E1D43D /* SwiftUI_sampleUITests */,
			);
		};
/* End PBXProject section */

/* Begin PBXResourcesBuildPhase section */
		8477C4EC23DA285500E1D43D /* Resources */ = {
			isa = PBXResourcesBuildPhase;
			buildActionMask = 2147483647;
			files = (
				8477C50123DA285600E1D43D /* LaunchScreen.storyboard in Resources */,
				8477C4FE23DA285600E1D43D /* Preview Assets.xcassets in Resources */,
				8477C4FB23DA285600E1D43D /* Assets.xcassets in Resources */,
			);
			runOnlyForDeploymentPostprocessing = 0;
		};
		8477C50523DA285600E1D43D /* Resources */ = {
			isa = PBXResourcesBuildPhase;
			buildActionMask = 2147483647;
			files = (
			);
			runOnlyForDeploymentPostprocessing = 0;
		};
		8477C51023DA285600E1D43D /* Resources */ = {
			isa = PBXResourcesBuildPhase;
			buildActionMask = 2147483647;
			files = (
			);
			runOnlyForDeploymentPostprocessing = 0;
		};
/* End PBXResourcesBuildPhase section */

/* Begin PBXSourcesBuildPhase section */
		8477C4EA23DA285500E1D43D /* Sources */ = {
			isa = PBXSourcesBuildPhase;
			buildActionMask = 2147483647;
			files = (
				8477C4F723DA285500E1D43D /* SwiftUI_sample.xcdatamodeld in Sources */,
				8477C52923DA9EBB00E1D43D /* MapView.swift in Sources */,
				8477C4F223DA285500E1D43D /* AppDelegate.swift in Sources */,
				8477C4F923DA285500E1D43D /* ContentView.swift in Sources */,
				8477C4F423DA285500E1D43D /* SceneDelegate.swift in Sources */,
				8477C52723DA9E2100E1D43D /* CircleImage.swift in Sources */,
			);
			runOnlyForDeploymentPostprocessing = 0;
		};
		8477C50323DA285600E1D43D /* Sources */ = {
			isa = PBXSourcesBuildPhase;
			buildActionMask = 2147483647;
			files = (
				8477C50C23DA285600E1D43D /* SwiftUI_sampleTests.swift in Sources */,
			);
			runOnlyForDeploymentPostprocessing = 0;
		};
		8477C50E23DA285600E1D43D /* Sources */ = {
			isa = PBXSourcesBuildPhase;
			buildActionMask = 2147483647;
			files = (
				8477C51723DA285600E1D43D /* SwiftUI_sampleUITests.swift in Sources */,
			);
			runOnlyForDeploymentPostprocessing = 0;
		};
/* End PBXSourcesBuildPhase section */

/* Begin PBXTargetDependency section */
		8477C50923DA285600E1D43D /* PBXTargetDependency */ = {
			isa = PBXTargetDependency;
			target = 8477C4ED23DA285500E1D43D /* SwiftUI_sample */;
			targetProxy = 8477C50823DA285600E1D43D /* PBXContainerItemProxy */;
		};
		8477C51423DA285600E1D43D /* PBXTargetDependency */ = {
			isa = PBXTargetDependency;
			target = 8477C4ED23DA285500E1D43D /* SwiftUI_sample */;
			targetProxy = 8477C51323DA285600E1D43D /* PBXContainerItemProxy */;
		};
/* End PBXTargetDependency section */

/* Begin PBXVariantGroup section */
		8477C4FF23DA285600E1D43D /* LaunchScreen.storyboard */ = {
			isa = PBXVariantGroup;
			children = (
				8477C50023DA285600E1D43D /* Base */,
			);
			name = LaunchScreen.storyboard;
			sourceTree = "<group>";
		};
/* End PBXVariantGroup section */

/* Begin XCBuildConfiguration section */
		8477C51923DA285600E1D43D /* Debug */ = {
			isa = XCBuildConfiguration;
			buildSettings = {
				ALWAYS_SEARCH_USER_PATHS = NO;
				CLANG_ANALYZER_NONNULL = YES;
				CLANG_ANALYZER_NUMBER_OBJECT_CONVERSION = YES_AGGRESSIVE;
				CLANG_CXX_LANGUAGE_STANDARD = "gnu++14";
				CLANG_CXX_LIBRARY = "libc++";
				CLANG_ENABLE_MODULES = YES;
				CLANG_ENABLE_OBJC_ARC = YES;
				CLANG_ENABLE_OBJC_WEAK = YES;
				CLANG_WARN_BLOCK_CAPTURE_AUTORELEASING = YES;
				CLANG_WARN_BOOL_CONVERSION = YES;
				CLANG_WARN_COMMA = YES;
				CLANG_WARN_CONSTANT_CONVERSION = YES;
				CLANG_WARN_DEPRECATED_OBJC_IMPLEMENTATIONS = YES;
				CLANG_WARN_DIRECT_OBJC_ISA_USAGE = YES_ERROR;
				CLANG_WARN_DOCUMENTATION_COMMENTS = YES;
				CLANG_WARN_EMPTY_BODY = YES;
				CLANG_WARN_ENUM_CONVERSION = YES;
				CLANG_WARN_INFINITE_RECURSION = YES;
				CLANG_WARN_INT_CONVERSION = YES;
				CLANG_WARN_NON_LITERAL_NULL_CONVERSION = YES;
				CLANG_WARN_OBJC_IMPLICIT_RETAIN_SELF = YES;
				CLANG_WARN_OBJC_LITERAL_CONVERSION = YES;
				CLANG_WARN_OBJC_ROOT_CLASS = YES_ERROR;
				CLANG_WARN_RANGE_LOOP_ANALYSIS = YES;
				CLANG_WARN_STRICT_PROTOTYPES = YES;
				CLANG_WARN_SUSPICIOUS_MOVE = YES;
				CLANG_WARN_UNGUARDED_AVAILABILITY = YES_AGGRESSIVE;
				CLANG_WARN_UNREACHABLE_CODE = YES;
				CLANG_WARN__DUPLICATE_METHOD_MATCH = YES;
				COPY_PHASE_STRIP = NO;
				DEBUG_INFORMATION_FORMAT = dwarf;
				ENABLE_STRICT_OBJC_MSGSEND = YES;
				ENABLE_TESTABILITY = YES;
				GCC_C_LANGUAGE_STANDARD = gnu11;
				GCC_DYNAMIC_NO_PIC = NO;
				GCC_NO_COMMON_BLOCKS = YES;
				GCC_OPTIMIZATION_LEVEL = 0;
				GCC_PREPROCESSOR_DEFINITIONS = (
					"DEBUG=1",
					"$(inherited)",
				);
				GCC_WARN_64_TO_32_BIT_CONVERSION = YES;
				GCC_WARN_ABOUT_RETURN_TYPE = YES_ERROR;
				GCC_WARN_UNDECLARED_SELECTOR = YES;
				GCC_WARN_UNINITIALIZED_AUTOS = YES_AGGRESSIVE;
				GCC_WARN_UNUSED_FUNCTION = YES;
				GCC_WARN_UNUSED_VARIABLE = YES;
				IPHONEOS_DEPLOYMENT_TARGET = 13.2;
				MTL_ENABLE_DEBUG_INFO = INCLUDE_SOURCE;
				MTL_FAST_MATH = YES;
				ONLY_ACTIVE_ARCH = YES;
				SDKROOT = iphoneos;
				SWIFT_ACTIVE_COMPILATION_CONDITIONS = DEBUG;
				SWIFT_OPTIMIZATION_LEVEL = "-Onone";
			};
			name = Debug;
		};
		8477C51A23DA285600E1D43D /* Release */ = {
			isa = XCBuildConfiguration;
			buildSettings = {
				ALWAYS_SEARCH_USER_PATHS = NO;
				CLANG_ANALYZER_NONNULL = YES;
				CLANG_ANALYZER_NUMBER_OBJECT_CONVERSION = YES_AGGRESSIVE;
				CLANG_CXX_LANGUAGE_STANDARD = "gnu++14";
				CLANG_CXX_LIBRARY = "libc++";
				CLANG_ENABLE_MODULES = YES;
				CLANG_ENABLE_OBJC_ARC = YES;
				CLANG_ENABLE_OBJC_WEAK = YES;
				CLANG_WARN_BLOCK_CAPTURE_AUTORELEASING = YES;
				CLANG_WARN_BOOL_CONVERSION = YES;
				CLANG_WARN_COMMA = YES;
				CLANG_WARN_CONSTANT_CONVERSION = YES;
				CLANG_WARN_DEPRECATED_OBJC_IMPLEMENTATIONS = YES;
				CLANG_WARN_DIRECT_OBJC_ISA_USAGE = YES_ERROR;
				CLANG_WARN_DOCUMENTATION_COMMENTS = YES;
				CLANG_WARN_EMPTY_BODY = YES;
				CLANG_WARN_ENUM_CONVERSION = YES;
				CLANG_WARN_INFINITE_RECURSION = YES;
				CLANG_WARN_INT_CONVERSION = YES;
				CLANG_WARN_NON_LITERAL_NULL_CONVERSION = YES;
				CLANG_WARN_OBJC_IMPLICIT_RETAIN_SELF = YES;
				CLANG_WARN_OBJC_LITERAL_CONVERSION = YES;
				CLANG_WARN_OBJC_ROOT_CLASS = YES_ERROR;
				CLANG_WARN_RANGE_LOOP_ANALYSIS = YES;
				CLANG_WARN_STRICT_PROTOTYPES = YES;
				CLANG_WARN_SUSPICIOUS_MOVE = YES;
				CLANG_WARN_UNGUARDED_AVAILABILITY = YES_AGGRESSIVE;
				CLANG_WARN_UNREACHABLE_CODE = YES;
				CLANG_WARN__DUPLICATE_METHOD_MATCH = YES;
				COPY_PHASE_STRIP = NO;
				DEBUG_INFORMATION_FORMAT = "dwarf-with-dsym";
				ENABLE_NS_ASSERTIONS = NO;
				ENABLE_STRICT_OBJC_MSGSEND = YES;
				GCC_C_LANGUAGE_STANDARD = gnu11;
				GCC_NO_COMMON_BLOCKS = YES;
				GCC_WARN_64_TO_32_BIT_CONVERSION = YES;
				GCC_WARN_ABOUT_RETURN_TYPE = YES_ERROR;
				GCC_WARN_UNDECLARED_SELECTOR = YES;
				GCC_WARN_UNINITIALIZED_AUTOS = YES_AGGRESSIVE;
				GCC_WARN_UNUSED_FUNCTION = YES;
				GCC_WARN_UNUSED_VARIABLE = YES;
				IPHONEOS_DEPLOYMENT_TARGET = 13.2;
				MTL_ENABLE_DEBUG_INFO = NO;
				MTL_FAST_MATH = YES;
				SDKROOT = iphoneos;
				SWIFT_COMPILATION_MODE = wholemodule;
				SWIFT_OPTIMIZATION_LEVEL = "-O";
				VALIDATE_PRODUCT = YES;
			};
			name = Release;
		};
		8477C51C23DA285600E1D43D /* Debug */ = {
			isa = XCBuildConfiguration;
			buildSettings = {
				ASSETCATALOG_COMPILER_APPICON_NAME = AppIcon;
				CODE_SIGN_STYLE = Automatic;
				DEVELOPMENT_ASSET_PATHS = "\"SwiftUI_sample/Preview Content\"";
				ENABLE_PREVIEWS = YES;
				INFOPLIST_FILE = SwiftUI_sample/Info.plist;
				LD_RUNPATH_SEARCH_PATHS = (
					"$(inherited)",
					"@executable_path/Frameworks",
				);
				PRODUCT_BUNDLE_IDENTIFIER = "Sino.SwiftUI-sample";
				PRODUCT_NAME = "$(TARGET_NAME)";
				SWIFT_VERSION = 5.0;
				TARGETED_DEVICE_FAMILY = "1,2";
			};
			name = Debug;
		};
		8477C51D23DA285600E1D43D /* Release */ = {
			isa = XCBuildConfiguration;
			buildSettings = {
				ASSETCATALOG_COMPILER_APPICON_NAME = AppIcon;
				CODE_SIGN_STYLE = Automatic;
				DEVELOPMENT_ASSET_PATHS = "\"SwiftUI_sample/Preview Content\"";
				ENABLE_PREVIEWS = YES;
				INFOPLIST_FILE = SwiftUI_sample/Info.plist;
				LD_RUNPATH_SEARCH_PATHS = (
					"$(inherited)",
					"@executable_path/Frameworks",
				);
				PRODUCT_BUNDLE_IDENTIFIER = "Sino.SwiftUI-sample";
				PRODUCT_NAME = "$(TARGET_NAME)";
				SWIFT_VERSION = 5.0;
				TARGETED_DEVICE_FAMILY = "1,2";
			};
			name = Release;
		};
		8477C51F23DA285600E1D43D /* Debug */ = {
			isa = XCBuildConfiguration;
			buildSettings = {
				ALWAYS_EMBED_SWIFT_STANDARD_LIBRARIES = YES;
				BUNDLE_LOADER = "$(TEST_HOST)";
				CODE_SIGN_STYLE = Automatic;
				INFOPLIST_FILE = SwiftUI_sampleTests/Info.plist;
				IPHONEOS_DEPLOYMENT_TARGET = 13.2;
				LD_RUNPATH_SEARCH_PATHS = (
					"$(inherited)",
					"@executable_path/Frameworks",
					"@loader_path/Frameworks",
				);
				PRODUCT_BUNDLE_IDENTIFIER = "Sino.SwiftUI-sampleTests";
				PRODUCT_NAME = "$(TARGET_NAME)";
				SWIFT_VERSION = 5.0;
				TARGETED_DEVICE_FAMILY = "1,2";
				TEST_HOST = "$(BUILT_PRODUCTS_DIR)/SwiftUI_sample.app/SwiftUI_sample";
			};
			name = Debug;
		};
		8477C52023DA285600E1D43D /* Release */ = {
			isa = XCBuildConfiguration;
			buildSettings = {
				ALWAYS_EMBED_SWIFT_STANDARD_LIBRARIES = YES;
				BUNDLE_LOADER = "$(TEST_HOST)";
				CODE_SIGN_STYLE = Automatic;
				INFOPLIST_FILE = SwiftUI_sampleTests/Info.plist;
				IPHONEOS_DEPLOYMENT_TARGET = 13.2;
				LD_RUNPATH_SEARCH_PATHS = (
					"$(inherited)",
					"@executable_path/Frameworks",
					"@loader_path/Frameworks",
				);
				PRODUCT_BUNDLE_IDENTIFIER = "Sino.SwiftUI-sampleTests";
				PRODUCT_NAME = "$(TARGET_NAME)";
				SWIFT_VERSION = 5.0;
				TARGETED_DEVICE_FAMILY = "1,2";
				TEST_HOST = "$(BUILT_PRODUCTS_DIR)/SwiftUI_sample.app/SwiftUI_sample";
			};
			name = Release;
		};
		8477C52223DA285600E1D43D /* Debug */ = {
			isa = XCBuildConfiguration;
			buildSettings = {
				ALWAYS_EMBED_SWIFT_STANDARD_LIBRARIES = YES;
				CODE_SIGN_STYLE = Automatic;
				INFOPLIST_FILE = SwiftUI_sampleUITests/Info.plist;
				LD_RUNPATH_SEARCH_PATHS = (
					"$(inherited)",
					"@executable_path/Frameworks",
					"@loader_path/Frameworks",
				);
				PRODUCT_BUNDLE_IDENTIFIER = "Sino.SwiftUI-sampleUITests";
				PRODUCT_NAME = "$(TARGET_NAME)";
				SWIFT_VERSION = 5.0;
				TARGETED_DEVICE_FAMILY = "1,2";
				TEST_TARGET_NAME = SwiftUI_sample;
			};
			name = Debug;
		};
		8477C52323DA285600E1D43D /* Release */ = {
			isa = XCBuildConfiguration;
			buildSettings = {
				ALWAYS_EMBED_SWIFT_STANDARD_LIBRARIES = YES;
				CODE_SIGN_STYLE = Automatic;
				INFOPLIST_FILE = SwiftUI_sampleUITests/Info.plist;
				LD_RUNPATH_SEARCH_PATHS = (
					"$(inherited)",
					"@executable_path/Frameworks",
					"@loader_path/Frameworks",
				);
				PRODUCT_BUNDLE_IDENTIFIER = "Sino.SwiftUI-sampleUITests";
				PRODUCT_NAME = "$(TARGET_NAME)";
				SWIFT_VERSION = 5.0;
				TARGETED_DEVICE_FAMILY = "1,2";
				TEST_TARGET_NAME = SwiftUI_sample;
			};
			name = Release;
		};
/* End XCBuildConfiguration section */

/* Begin XCConfigurationList section */
		8477C4E923DA285500E1D43D /* Build configuration list for PBXProject "SwiftUI_sample" */ = {
			isa = XCConfigurationList;
			buildConfigurations = (
				8477C51923DA285600E1D43D /* Debug */,
				8477C51A23DA285600E1D43D /* Release */,
			);
			defaultConfigurationIsVisible = 0;
			defaultConfigurationName = Release;
		};
		8477C51B23DA285600E1D43D /* Build configuration list for PBXNativeTarget "SwiftUI_sample" */ = {
			isa = XCConfigurationList;
			buildConfigurations = (
				8477C51C23DA285600E1D43D /* Debug */,
				8477C51D23DA285600E1D43D /* Release */,
			);
			defaultConfigurationIsVisible = 0;
			defaultConfigurationName = Release;
		};
		8477C51E23DA285600E1D43D /* Build configuration list for PBXNativeTarget "SwiftUI_sampleTests" */ = {
			isa = XCConfigurationList;
			buildConfigurations = (
				8477C51F23DA285600E1D43D /* Debug */,
				8477C52023DA285600E1D43D /* Release */,
			);
			defaultConfigurationIsVisible = 0;
			defaultConfigurationName = Release;
		};
		8477C52123DA285600E1D43D /* Build configuration list for PBXNativeTarget "SwiftUI_sampleUITests" */ = {
			isa = XCConfigurationList;
			buildConfigurations = (
				8477C52223DA285600E1D43D /* Debug */,
				8477C52323DA285600E1D43D /* Release */,
			);
			defaultConfigurationIsVisible = 0;
			defaultConfigurationName = Release;
		};
/* End XCConfigurationList section */

/* Begin XCVersionGroup section */
		8477C4F523DA285500E1D43D /* SwiftUI_sample.xcdatamodeld */ = {
			isa = XCVersionGroup;
			children = (
				8477C4F623DA285500E1D43D /* SwiftUI_sample.xcdatamodel */,
			);
			currentVersion = 8477C4F623DA285500E1D43D /* SwiftUI_sample.xcdatamodel */;
			path = SwiftUI_sample.xcdatamodeld;
			sourceTree = "<group>";
			versionGroupType = wrapper.xcdatamodel;
		};
/* End XCVersionGroup section */
	};
	rootObject = 8477C4E623DA285500E1D43D /* Project object */;
}
